
Microsoft Visual Studio Solution File, Format Version 12.00
# Visual Studio Version 16
VisualStudioVersion = 16.0.29728.190
MinimumVisualStudioVersion = 10.0.40219.1
Project("{FAE04EC0-301F-11D3-BF4B-00C04F79EFBC}") = "aula31", "aula31\aula31.csproj", "{A3475E13-1C45-4C19-9676-188B0C740C7A}"
EndProject
Global
	GlobalSection(SolutionConfigurationPlatforms) = preSolution
		Debug|Any CPU = Debug|Any CPU
		Release|Any CPU = Release|Any CPU
	EndGlobalSection
	GlobalSection(ProjectConfigurationPlatforms) = postSolution
		{A3475E13-1C45-4C19-9676-188B0C740C7A}.Debug|Any CPU.ActiveCfg = Debug|Any CPU
		{A3475E13-1C45-4C19-9676-188B0C740C7A}.Debug|Any CPU.Build.0 = Debug|Any CPU
		{A3475E13-1C45-4C19-9676-188B0C740C7A}.Release|Any CPU.ActiveCfg = Release|Any CPU
		{A3475E13-1C45-4C19-9676-188B0C740C7A}.Release|Any CPU.Build.0 = Release|Any CPU
	EndGlobalSection
	GlobalSection(SolutionProperties) = preSolution
		HideSolutionNode = FALSE
	EndGlobalSection
	GlobalSection(ExtensibilityGlobals) = postSolution
		SolutionGuid = {09F1F23E-E3C0-4AEB-9E7A-B1787D34E965}
	EndGlobalSection
EndGlobal
