
Microsoft Visual Studio Solution File, Format Version 12.00
# Visual Studio Version 16
VisualStudioVersion = 16.0.29728.190
MinimumVisualStudioVersion = 10.0.40219.1
Project("{FAE04EC0-301F-11D3-BF4B-00C04F79EFBC}") = "aula23", "aula23\aula23.csproj", "{3EDFFA7D-6B23-42E9-A9D9-0203796E0702}"
EndProject
Global
	GlobalSection(SolutionConfigurationPlatforms) = preSolution
		Debug|Any CPU = Debug|Any CPU
		Release|Any CPU = Release|Any CPU
	EndGlobalSection
	GlobalSection(ProjectConfigurationPlatforms) = postSolution
		{3EDFFA7D-6B23-42E9-A9D9-0203796E0702}.Debug|Any CPU.ActiveCfg = Debug|Any CPU
		{3EDFFA7D-6B23-42E9-A9D9-0203796E0702}.Debug|Any CPU.Build.0 = Debug|Any CPU
		{3EDFFA7D-6B23-42E9-A9D9-0203796E0702}.Release|Any CPU.ActiveCfg = Release|Any CPU
		{3EDFFA7D-6B23-42E9-A9D9-0203796E0702}.Release|Any CPU.Build.0 = Release|Any CPU
	EndGlobalSection
	GlobalSection(SolutionProperties) = preSolution
		HideSolutionNode = FALSE
	EndGlobalSection
	GlobalSection(ExtensibilityGlobals) = postSolution
		SolutionGuid = {0A0F4DFA-A6E6-4423-975C-A7E96ECF00C0}
	EndGlobalSection
EndGlobal
