
Microsoft Visual Studio Solution File, Format Version 12.00
# Visual Studio Version 16
VisualStudioVersion = 16.0.29728.190
MinimumVisualStudioVersion = 10.0.40219.1
Project("{FAE04EC0-301F-11D3-BF4B-00C04F79EFBC}") = "aula39", "aula39\aula39.csproj", "{371F568B-5251-46EA-B736-AD332DEECBFD}"
EndProject
Global
	GlobalSection(SolutionConfigurationPlatforms) = preSolution
		Debug|Any CPU = Debug|Any CPU
		Release|Any CPU = Release|Any CPU
	EndGlobalSection
	GlobalSection(ProjectConfigurationPlatforms) = postSolution
		{371F568B-5251-46EA-B736-AD332DEECBFD}.Debug|Any CPU.ActiveCfg = Debug|Any CPU
		{371F568B-5251-46EA-B736-AD332DEECBFD}.Debug|Any CPU.Build.0 = Debug|Any CPU
		{371F568B-5251-46EA-B736-AD332DEECBFD}.Release|Any CPU.ActiveCfg = Release|Any CPU
		{371F568B-5251-46EA-B736-AD332DEECBFD}.Release|Any CPU.Build.0 = Release|Any CPU
	EndGlobalSection
	GlobalSection(SolutionProperties) = preSolution
		HideSolutionNode = FALSE
	EndGlobalSection
	GlobalSection(ExtensibilityGlobals) = postSolution
		SolutionGuid = {64A10D56-CFF8-4AED-8766-0FE6B1B5F025}
	EndGlobalSection
EndGlobal
