
Microsoft Visual Studio Solution File, Format Version 12.00
# Visual Studio Version 16
VisualStudioVersion = 16.0.29728.190
MinimumVisualStudioVersion = 10.0.40219.1
Project("{FAE04EC0-301F-11D3-BF4B-00C04F79EFBC}") = "aula77", "aula77\aula77.csproj", "{BDA2C8DA-DEDE-4278-8544-3057ADA841FB}"
EndProject
Global
	GlobalSection(SolutionConfigurationPlatforms) = preSolution
		Debug|Any CPU = Debug|Any CPU
		Release|Any CPU = Release|Any CPU
	EndGlobalSection
	GlobalSection(ProjectConfigurationPlatforms) = postSolution
		{BDA2C8DA-DEDE-4278-8544-3057ADA841FB}.Debug|Any CPU.ActiveCfg = Debug|Any CPU
		{BDA2C8DA-DEDE-4278-8544-3057ADA841FB}.Debug|Any CPU.Build.0 = Debug|Any CPU
		{BDA2C8DA-DEDE-4278-8544-3057ADA841FB}.Release|Any CPU.ActiveCfg = Release|Any CPU
		{BDA2C8DA-DEDE-4278-8544-3057ADA841FB}.Release|Any CPU.Build.0 = Release|Any CPU
	EndGlobalSection
	GlobalSection(SolutionProperties) = preSolution
		HideSolutionNode = FALSE
	EndGlobalSection
	GlobalSection(ExtensibilityGlobals) = postSolution
		SolutionGuid = {00E8BABD-2662-4779-91FA-04F74DB519FF}
	EndGlobalSection
EndGlobal
