
Microsoft Visual Studio Solution File, Format Version 12.00
# Visual Studio Version 16
VisualStudioVersion = 16.0.29728.190
MinimumVisualStudioVersion = 10.0.40219.1
Project("{FAE04EC0-301F-11D3-BF4B-00C04F79EFBC}") = "aula61", "aula61\aula61.csproj", "{CF90B776-1AA9-46D6-964D-240395D68E0C}"
EndProject
Global
	GlobalSection(SolutionConfigurationPlatforms) = preSolution
		Debug|Any CPU = Debug|Any CPU
		Release|Any CPU = Release|Any CPU
	EndGlobalSection
	GlobalSection(ProjectConfigurationPlatforms) = postSolution
		{CF90B776-1AA9-46D6-964D-240395D68E0C}.Debug|Any CPU.ActiveCfg = Debug|Any CPU
		{CF90B776-1AA9-46D6-964D-240395D68E0C}.Debug|Any CPU.Build.0 = Debug|Any CPU
		{CF90B776-1AA9-46D6-964D-240395D68E0C}.Release|Any CPU.ActiveCfg = Release|Any CPU
		{CF90B776-1AA9-46D6-964D-240395D68E0C}.Release|Any CPU.Build.0 = Release|Any CPU
	EndGlobalSection
	GlobalSection(SolutionProperties) = preSolution
		HideSolutionNode = FALSE
	EndGlobalSection
	GlobalSection(ExtensibilityGlobals) = postSolution
		SolutionGuid = {6238F0AA-340E-4659-A8D4-C4ED82979E46}
	EndGlobalSection
EndGlobal
