
Microsoft Visual Studio Solution File, Format Version 12.00
# Visual Studio Version 16
VisualStudioVersion = 16.0.29728.190
MinimumVisualStudioVersion = 10.0.40219.1
Project("{FAE04EC0-301F-11D3-BF4B-00C04F79EFBC}") = "aula52", "aula52\aula52.csproj", "{D36DE9AD-BAD3-4324-B3B1-9D27F6F600FE}"
EndProject
Global
	GlobalSection(SolutionConfigurationPlatforms) = preSolution
		Debug|Any CPU = Debug|Any CPU
		Release|Any CPU = Release|Any CPU
	EndGlobalSection
	GlobalSection(ProjectConfigurationPlatforms) = postSolution
		{D36DE9AD-BAD3-4324-B3B1-9D27F6F600FE}.Debug|Any CPU.ActiveCfg = Debug|Any CPU
		{D36DE9AD-BAD3-4324-B3B1-9D27F6F600FE}.Debug|Any CPU.Build.0 = Debug|Any CPU
		{D36DE9AD-BAD3-4324-B3B1-9D27F6F600FE}.Release|Any CPU.ActiveCfg = Release|Any CPU
		{D36DE9AD-BAD3-4324-B3B1-9D27F6F600FE}.Release|Any CPU.Build.0 = Release|Any CPU
	EndGlobalSection
	GlobalSection(SolutionProperties) = preSolution
		HideSolutionNode = FALSE
	EndGlobalSection
	GlobalSection(ExtensibilityGlobals) = postSolution
		SolutionGuid = {244A2856-2DA3-4FA1-990C-36EF7AB064BE}
	EndGlobalSection
EndGlobal
