
Microsoft Visual Studio Solution File, Format Version 12.00
# Visual Studio Version 16
VisualStudioVersion = 16.0.29728.190
MinimumVisualStudioVersion = 10.0.40219.1
Project("{FAE04EC0-301F-11D3-BF4B-00C04F79EFBC}") = "aula55", "aula55\aula55.csproj", "{B6288652-918B-4207-9287-BFC8059A01A5}"
EndProject
Global
	GlobalSection(SolutionConfigurationPlatforms) = preSolution
		Debug|Any CPU = Debug|Any CPU
		Release|Any CPU = Release|Any CPU
	EndGlobalSection
	GlobalSection(ProjectConfigurationPlatforms) = postSolution
		{B6288652-918B-4207-9287-BFC8059A01A5}.Debug|Any CPU.ActiveCfg = Debug|Any CPU
		{B6288652-918B-4207-9287-BFC8059A01A5}.Debug|Any CPU.Build.0 = Debug|Any CPU
		{B6288652-918B-4207-9287-BFC8059A01A5}.Release|Any CPU.ActiveCfg = Release|Any CPU
		{B6288652-918B-4207-9287-BFC8059A01A5}.Release|Any CPU.Build.0 = Release|Any CPU
	EndGlobalSection
	GlobalSection(SolutionProperties) = preSolution
		HideSolutionNode = FALSE
	EndGlobalSection
	GlobalSection(ExtensibilityGlobals) = postSolution
		SolutionGuid = {EE3B2DFA-F5E6-4923-9251-52AF6B35B415}
	EndGlobalSection
EndGlobal
