
Microsoft Visual Studio Solution File, Format Version 12.00
# Visual Studio Version 16
VisualStudioVersion = 16.0.29728.190
MinimumVisualStudioVersion = 10.0.40219.1
Project("{FAE04EC0-301F-11D3-BF4B-00C04F79EFBC}") = "aula48_exercicio", "aula48_exercicio\aula48_exercicio.csproj", "{5A3C2931-19E2-4DA3-B8D0-805299596FA1}"
EndProject
Global
	GlobalSection(SolutionConfigurationPlatforms) = preSolution
		Debug|Any CPU = Debug|Any CPU
		Release|Any CPU = Release|Any CPU
	EndGlobalSection
	GlobalSection(ProjectConfigurationPlatforms) = postSolution
		{5A3C2931-19E2-4DA3-B8D0-805299596FA1}.Debug|Any CPU.ActiveCfg = Debug|Any CPU
		{5A3C2931-19E2-4DA3-B8D0-805299596FA1}.Debug|Any CPU.Build.0 = Debug|Any CPU
		{5A3C2931-19E2-4DA3-B8D0-805299596FA1}.Release|Any CPU.ActiveCfg = Release|Any CPU
		{5A3C2931-19E2-4DA3-B8D0-805299596FA1}.Release|Any CPU.Build.0 = Release|Any CPU
	EndGlobalSection
	GlobalSection(SolutionProperties) = preSolution
		HideSolutionNode = FALSE
	EndGlobalSection
	GlobalSection(ExtensibilityGlobals) = postSolution
		SolutionGuid = {F7DE9167-4FC2-4C1D-A06A-B8AC3A8F906C}
	EndGlobalSection
EndGlobal
