
Microsoft Visual Studio Solution File, Format Version 12.00
# Visual Studio Version 16
VisualStudioVersion = 16.0.29728.190
MinimumVisualStudioVersion = 10.0.40219.1
Project("{FAE04EC0-301F-11D3-BF4B-00C04F79EFBC}") = "aula35", "aula35\aula35.csproj", "{42512CC5-C525-4FF0-8D21-392B4F654F45}"
EndProject
Global
	GlobalSection(SolutionConfigurationPlatforms) = preSolution
		Debug|Any CPU = Debug|Any CPU
		Release|Any CPU = Release|Any CPU
	EndGlobalSection
	GlobalSection(ProjectConfigurationPlatforms) = postSolution
		{42512CC5-C525-4FF0-8D21-392B4F654F45}.Debug|Any CPU.ActiveCfg = Debug|Any CPU
		{42512CC5-C525-4FF0-8D21-392B4F654F45}.Debug|Any CPU.Build.0 = Debug|Any CPU
		{42512CC5-C525-4FF0-8D21-392B4F654F45}.Release|Any CPU.ActiveCfg = Release|Any CPU
		{42512CC5-C525-4FF0-8D21-392B4F654F45}.Release|Any CPU.Build.0 = Release|Any CPU
	EndGlobalSection
	GlobalSection(SolutionProperties) = preSolution
		HideSolutionNode = FALSE
	EndGlobalSection
	GlobalSection(ExtensibilityGlobals) = postSolution
		SolutionGuid = {869BA129-D22E-44B3-B0CA-9303054C1501}
	EndGlobalSection
EndGlobal
