
Microsoft Visual Studio Solution File, Format Version 12.00
# Visual Studio Version 16
VisualStudioVersion = 16.0.29728.190
MinimumVisualStudioVersion = 10.0.40219.1
Project("{FAE04EC0-301F-11D3-BF4B-00C04F79EFBC}") = "aula25", "aula25\aula25.csproj", "{F6749009-6EF0-4155-9245-227FC449818C}"
EndProject
Global
	GlobalSection(SolutionConfigurationPlatforms) = preSolution
		Debug|Any CPU = Debug|Any CPU
		Release|Any CPU = Release|Any CPU
	EndGlobalSection
	GlobalSection(ProjectConfigurationPlatforms) = postSolution
		{F6749009-6EF0-4155-9245-227FC449818C}.Debug|Any CPU.ActiveCfg = Debug|Any CPU
		{F6749009-6EF0-4155-9245-227FC449818C}.Debug|Any CPU.Build.0 = Debug|Any CPU
		{F6749009-6EF0-4155-9245-227FC449818C}.Release|Any CPU.ActiveCfg = Release|Any CPU
		{F6749009-6EF0-4155-9245-227FC449818C}.Release|Any CPU.Build.0 = Release|Any CPU
	EndGlobalSection
	GlobalSection(SolutionProperties) = preSolution
		HideSolutionNode = FALSE
	EndGlobalSection
	GlobalSection(ExtensibilityGlobals) = postSolution
		SolutionGuid = {5628AD6C-7E49-4400-9424-24DA880808BA}
	EndGlobalSection
EndGlobal
