
Microsoft Visual Studio Solution File, Format Version 12.00
# Visual Studio Version 16
VisualStudioVersion = 16.0.29728.190
MinimumVisualStudioVersion = 10.0.40219.1
Project("{FAE04EC0-301F-11D3-BF4B-00C04F79EFBC}") = "cpt4_01", "cpt4_01\cpt4_01.csproj", "{1087A1CD-2917-49A2-A355-9E0CA35F9E11}"
EndProject
Global
	GlobalSection(SolutionConfigurationPlatforms) = preSolution
		Debug|Any CPU = Debug|Any CPU
		Release|Any CPU = Release|Any CPU
	EndGlobalSection
	GlobalSection(ProjectConfigurationPlatforms) = postSolution
		{1087A1CD-2917-49A2-A355-9E0CA35F9E11}.Debug|Any CPU.ActiveCfg = Debug|Any CPU
		{1087A1CD-2917-49A2-A355-9E0CA35F9E11}.Debug|Any CPU.Build.0 = Debug|Any CPU
		{1087A1CD-2917-49A2-A355-9E0CA35F9E11}.Release|Any CPU.ActiveCfg = Release|Any CPU
		{1087A1CD-2917-49A2-A355-9E0CA35F9E11}.Release|Any CPU.Build.0 = Release|Any CPU
	EndGlobalSection
	GlobalSection(SolutionProperties) = preSolution
		HideSolutionNode = FALSE
	EndGlobalSection
	GlobalSection(ExtensibilityGlobals) = postSolution
		SolutionGuid = {D7FD1170-2A0A-4B47-AA39-6CC5116040BB}
	EndGlobalSection
EndGlobal
