
Microsoft Visual Studio Solution File, Format Version 12.00
# Visual Studio Version 16
VisualStudioVersion = 16.0.29728.190
MinimumVisualStudioVersion = 10.0.40219.1
Project("{FAE04EC0-301F-11D3-BF4B-00C04F79EFBC}") = "aula18_execicio", "aula18_execicio\aula18_execicio.csproj", "{907D694D-4380-4457-B7C1-D42656327DAA}"
EndProject
Global
	GlobalSection(SolutionConfigurationPlatforms) = preSolution
		Debug|Any CPU = Debug|Any CPU
		Release|Any CPU = Release|Any CPU
	EndGlobalSection
	GlobalSection(ProjectConfigurationPlatforms) = postSolution
		{907D694D-4380-4457-B7C1-D42656327DAA}.Debug|Any CPU.ActiveCfg = Debug|Any CPU
		{907D694D-4380-4457-B7C1-D42656327DAA}.Debug|Any CPU.Build.0 = Debug|Any CPU
		{907D694D-4380-4457-B7C1-D42656327DAA}.Release|Any CPU.ActiveCfg = Release|Any CPU
		{907D694D-4380-4457-B7C1-D42656327DAA}.Release|Any CPU.Build.0 = Release|Any CPU
	EndGlobalSection
	GlobalSection(SolutionProperties) = preSolution
		HideSolutionNode = FALSE
	EndGlobalSection
	GlobalSection(ExtensibilityGlobals) = postSolution
		SolutionGuid = {C37534A6-2213-4E6A-A671-721370DE42A1}
	EndGlobalSection
EndGlobal
